// !$*UTF8*$!
{
	archiveVersion = 1;
	classes = {
	};
	objectVersion = 50;
	objects = {

/* Begin PBXBuildFile section */
		295F91722473A74100BFD7DA /* DragonballView.swift in Sources */ = {isa = PBXBuildFile; fileRef = 295F91712473A74100BFD7DA /* DragonballView.swift */; };
		295F91742473A99400BFD7DA /* jf-openhuninn-1.1.ttf in Resources */ = {isa = PBXBuildFile; fileRef = 295F91732473A99400BFD7DA /* jf-openhuninn-1.1.ttf */; };
		295F91762473B89D00BFD7DA /* crayon_1-1.ttf in Resources */ = {isa = PBXBuildFile; fileRef = 295F91752473B89D00BFD7DA /* crayon_1-1.ttf */; };
		298A01BB247305940067463E /* AppDelegate.swift in Sources */ = {isa = PBXBuildFile; fileRef = 298A01BA247305940067463E /* AppDelegate.swift */; };
		298A01BD247305940067463E /* SceneDelegate.swift in Sources */ = {isa = PBXBuildFile; fileRef = 298A01BC247305940067463E /* SceneDelegate.swift */; };
		298A01BF247305940067463E /* ContentView.swift in Sources */ = {isa = PBXBuildFile; fileRef = 298A01BE247305940067463E /* ContentView.swift */; };
		298A01C1247305960067463E /* Assets.xcassets in Resources */ = {isa = PBXBuildFile; fileRef = 298A01C0247305960067463E /* Assets.xcassets */; };
		298A01C4247305960067463E /* Preview Assets.xcassets in Resources */ = {isa = PBXBuildFile; fileRef = 298A01C3247305960067463E /* Preview Assets.xcassets */; };
		298A01C7247305960067463E /* LaunchScreen.storyboard in Resources */ = {isa = PBXBuildFile; fileRef = 298A01C5247305960067463E /* LaunchScreen.storyboard */; };
		298A01CF247306960067463E /* Game.swift in Sources */ = {isa = PBXBuildFile; fileRef = 298A01CE247306960067463E /* Game.swift */; };
		298A01D1247307110067463E /* GamesData.swift in Sources */ = {isa = PBXBuildFile; fileRef = 298A01D0247307110067463E /* GamesData.swift */; };
		298A01D32473075C0067463E /* GameRow.swift in Sources */ = {isa = PBXBuildFile; fileRef = 298A01D22473075C0067463E /* GameRow.swift */; };
		298A01D5247308A10067463E /* GameList.swift in Sources */ = {isa = PBXBuildFile; fileRef = 298A01D4247308A10067463E /* GameList.swift */; };
		298A01D7247309710067463E /* GameEditor.swift in Sources */ = {isa = PBXBuildFile; fileRef = 298A01D6247309710067463E /* GameEditor.swift */; };
		298A01D924730C0C0067463E /* MainView.swift in Sources */ = {isa = PBXBuildFile; fileRef = 298A01D824730C0C0067463E /* MainView.swift */; };
		298A01DB24730C9F0067463E /* PieChart.swift in Sources */ = {isa = PBXBuildFile; fileRef = 298A01DA24730C9F0067463E /* PieChart.swift */; };
		298A01DD24730CE20067463E /* Analysis.swift in Sources */ = {isa = PBXBuildFile; fileRef = 298A01DC24730CE20067463E /* Analysis.swift */; };
/* End PBXBuildFile section */

/* Begin PBXFileReference section */
		295F91712473A74100BFD7DA /* DragonballView.swift */ = {isa = PBXFileReference; lastKnownFileType = sourcecode.swift; path = DragonballView.swift; sourceTree = "<group>"; };
		295F91732473A99400BFD7DA /* jf-openhuninn-1.1.ttf */ = {isa = PBXFileReference; lastKnownFileType = file; path = "jf-openhuninn-1.1.ttf"; sourceTree = "<group>"; };
		295F91752473B89D00BFD7DA /* crayon_1-1.ttf */ = {isa = PBXFileReference; lastKnownFileType = file; path = "crayon_1-1.ttf"; sourceTree = "<group>"; };
		298A01B7247305940067463E /* Gamer.app */ = {isa = PBXFileReference; explicitFileType = wrapper.application; includeInIndex = 0; path = Gamer.app; sourceTree = BUILT_PRODUCTS_DIR; };
		298A01BA247305940067463E /* AppDelegate.swift */ = {isa = PBXFileReference; lastKnownFileType = sourcecode.swift; path = AppDelegate.swift; sourceTree = "<group>"; };
		298A01BC247305940067463E /* SceneDelegate.swift */ = {isa = PBXFileReference; lastKnownFileType = sourcecode.swift; path = SceneDelegate.swift; sourceTree = "<group>"; };
		298A01BE247305940067463E /* ContentView.swift */ = {isa = PBXFileReference; lastKnownFileType = sourcecode.swift; path = ContentView.swift; sourceTree = "<group>"; };
		298A01C0247305960067463E /* Assets.xcassets */ = {isa = PBXFileReference; lastKnownFileType = folder.assetcatalog; path = Assets.xcassets; sourceTree = "<group>"; };
		298A01C3247305960067463E /* Preview Assets.xcassets */ = {isa = PBXFileReference; lastKnownFileType = folder.assetcatalog; path = "Preview Assets.xcassets"; sourceTree = "<group>"; };
		298A01C6247305960067463E /* Base */ = {isa = PBXFileReference; lastKnownFileType = file.storyboard; name = Base; path = Base.lproj/LaunchScreen.storyboard; sourceTree = "<group>"; };
		298A01C8247305960067463E /* Info.plist */ = {isa = PBXFileReference; lastKnownFileType = text.plist.xml; path = Info.plist; sourceTree = "<group>"; };
		298A01CE247306960067463E /* Game.swift */ = {isa = PBXFileReference; lastKnownFileType = sourcecode.swift; path = Game.swift; sourceTree = "<group>"; };
		298A01D0247307110067463E /* GamesData.swift */ = {isa = PBXFileReference; lastKnownFileType = sourcecode.swift; path = GamesData.swift; sourceTree = "<group>"; };
		298A01D22473075C0067463E /* GameRow.swift */ = {isa = PBXFileReference; lastKnownFileType = sourcecode.swift; path = GameRow.swift; sourceTree = "<group>"; };
		298A01D4247308A10067463E /* GameList.swift */ = {isa = PBXFileReference; lastKnownFileType = sourcecode.swift; path = GameList.swift; sourceTree = "<group>"; };
		298A01D6247309710067463E /* GameEditor.swift */ = {isa = PBXFileReference; lastKnownFileType = sourcecode.swift; path = GameEditor.swift; sourceTree = "<group>"; };
		298A01D824730C0C0067463E /* MainView.swift */ = {isa = PBXFileReference; lastKnownFileType = sourcecode.swift; path = MainView.swift; sourceTree = "<group>"; };
		298A01DA24730C9F0067463E /* PieChart.swift */ = {isa = PBXFileReference; lastKnownFileType = sourcecode.swift; path = PieChart.swift; sourceTree = "<group>"; };
		298A01DC24730CE20067463E /* Analysis.swift */ = {isa = PBXFileReference; lastKnownFileType = sourcecode.swift; path = Analysis.swift; sourceTree = "<group>"; };
/* End PBXFileReference section */

/* Begin PBXFrameworksBuildPhase section */
		298A01B4247305940067463E /* Frameworks */ = {
			isa = PBXFrameworksBuildPhase;
			buildActionMask = 2147483647;
			files = (
			);
			runOnlyForDeploymentPostprocessing = 0;
		};
/* End PBXFrameworksBuildPhase section */

/* Begin PBXGroup section */
		298A01AE247305940067463E = {
			isa = PBXGroup;
			children = (
				298A01B9247305940067463E /* Gamer */,
				298A01B8247305940067463E /* Products */,
			);
			sourceTree = "<group>";
		};
		298A01B8247305940067463E /* Products */ = {
			isa = PBXGroup;
			children = (
				298A01B7247305940067463E /* Gamer.app */,
			);
			name = Products;
			sourceTree = "<group>";
		};
		298A01B9247305940067463E /* Gamer */ = {
			isa = PBXGroup;
			children = (
				298A01BA247305940067463E /* AppDelegate.swift */,
				298A01BC247305940067463E /* SceneDelegate.swift */,
				298A01DC24730CE20067463E /* Analysis.swift */,
				295F91732473A99400BFD7DA /* jf-openhuninn-1.1.ttf */,
				295F91752473B89D00BFD7DA /* crayon_1-1.ttf */,
				298A01CE247306960067463E /* Game.swift */,
				298A01D0247307110067463E /* GamesData.swift */,
				298A01D22473075C0067463E /* GameRow.swift */,
				298A01D4247308A10067463E /* GameList.swift */,
				298A01D6247309710067463E /* GameEditor.swift */,
				298A01D824730C0C0067463E /* MainView.swift */,
				295F91712473A74100BFD7DA /* DragonballView.swift */,
				298A01DA24730C9F0067463E /* PieChart.swift */,
				298A01BE247305940067463E /* ContentView.swift */,
				298A01C0247305960067463E /* Assets.xcassets */,
				298A01C5247305960067463E /* LaunchScreen.storyboard */,
				298A01C8247305960067463E /* Info.plist */,
				298A01C2247305960067463E /* Preview Content */,
			);
			path = Gamer;
			sourceTree = "<group>";
		};
		298A01C2247305960067463E /* Preview Content */ = {
			isa = PBXGroup;
			children = (
				298A01C3247305960067463E /* Preview Assets.xcassets */,
			);
			path = "Preview Content";
			sourceTree = "<group>";
		};
/* End PBXGroup section */

/* Begin PBXNativeTarget section */
		298A01B6247305940067463E /* Gamer */ = {
			isa = PBXNativeTarget;
			buildConfigurationList = 298A01CB247305960067463E /* Build configuration list for PBXNativeTarget "Gamer" */;
			buildPhases = (
				298A01B3247305940067463E /* Sources */,
				298A01B4247305940067463E /* Frameworks */,
				298A01B5247305940067463E /* Resources */,
			);
			buildRules = (
			);
			dependencies = (
			);
			name = Gamer;
			productName = Gamer;
			productReference = 298A01B7247305940067463E /* Gamer.app */;
			productType = "com.apple.product-type.application";
		};
/* End PBXNativeTarget section */

/* Begin PBXProject section */
		298A01AF247305940067463E /* Project object */ = {
			isa = PBXProject;
			attributes = {
				LastSwiftUpdateCheck = 1130;
				LastUpgradeCheck = 1130;
				ORGANIZATIONNAME = ntouyujen;
				TargetAttributes = {
					298A01B6247305940067463E = {
						CreatedOnToolsVersion = 11.3.1;
					};
				};
			};
			buildConfigurationList = 298A01B2247305940067463E /* Build configuration list for PBXProject "Gamer" */;
			compatibilityVersion = "Xcode 9.3";
			developmentRegion = en;
			hasScannedForEncodings = 0;
			knownRegions = (
				en,
				Base,
			);
			mainGroup = 298A01AE247305940067463E;
			productRefGroup = 298A01B8247305940067463E /* Products */;
			projectDirPath = "";
			projectRoot = "";
			targets = (
				298A01B6247305940067463E /* Gamer */,
			);
		};
/* End PBXProject section */

/* Begin PBXResourcesBuildPhase section */
		298A01B5247305940067463E /* Resources */ = {
			isa = PBXResourcesBuildPhase;
			buildActionMask = 2147483647;
			files = (
				295F91762473B89D00BFD7DA /* crayon_1-1.ttf in Resources */,
				298A01C7247305960067463E /* LaunchScreen.storyboard in Resources */,
				295F91742473A99400BFD7DA /* jf-openhuninn-1.1.ttf in Resources */,
				298A01C4247305960067463E /* Preview Assets.xcassets in Resources */,
				298A01C1247305960067463E /* Assets.xcassets in Resources */,
			);
			runOnlyForDeploymentPostprocessing = 0;
		};
/* End PBXResourcesBuildPhase section */

/* Begin PBXSourcesBuildPhase section */
		298A01B3247305940067463E /* Sources */ = {
			isa = PBXSourcesBuildPhase;
			buildActionMask = 2147483647;
			files = (
				298A01D1247307110067463E /* GamesData.swift in Sources */,
				298A01D924730C0C0067463E /* MainView.swift in Sources */,
				298A01BB247305940067463E /* AppDelegate.swift in Sources */,
				298A01D32473075C0067463E /* GameRow.swift in Sources */,
				295F91722473A74100BFD7DA /* DragonballView.swift in Sources */,
				298A01DD24730CE20067463E /* Analysis.swift in Sources */,
				298A01BD247305940067463E /* SceneDelegate.swift in Sources */,
				298A01D7247309710067463E /* GameEditor.swift in Sources */,
				298A01BF247305940067463E /* ContentView.swift in Sources */,
				298A01D5247308A10067463E /* GameList.swift in Sources */,
				298A01CF247306960067463E /* Game.swift in Sources */,
				298A01DB24730C9F0067463E /* PieChart.swift in Sources */,
			);
			runOnlyForDeploymentPostprocessing = 0;
		};
/* End PBXSourcesBuildPhase section */

/* Begin PBXVariantGroup section */
		298A01C5247305960067463E /* LaunchScreen.storyboard */ = {
			isa = PBXVariantGroup;
			children = (
				298A01C6247305960067463E /* Base */,
			);
			name = LaunchScreen.storyboard;
			sourceTree = "<group>";
		};
/* End PBXVariantGroup section */

/* Begin XCBuildConfiguration section */
		298A01C9247305960067463E /* Debug */ = {
			isa = XCBuildConfiguration;
			buildSettings = {
				ALWAYS_SEARCH_USER_PATHS = NO;
				CLANG_ANALYZER_NONNULL = YES;
				CLANG_ANALYZER_NUMBER_OBJECT_CONVERSION = YES_AGGRESSIVE;
				CLANG_CXX_LANGUAGE_STANDARD = "gnu++14";
				CLANG_CXX_LIBRARY = "libc++";
				CLANG_ENABLE_MODULES = YES;
				CLANG_ENABLE_OBJC_ARC = YES;
				CLANG_ENABLE_OBJC_WEAK = YES;
				CLANG_WARN_BLOCK_CAPTURE_AUTORELEASING = YES;
				CLANG_WARN_BOOL_CONVERSION = YES;
				CLANG_WARN_COMMA = YES;
				CLANG_WARN_CONSTANT_CONVERSION = YES;
				CLANG_WARN_DEPRECATED_OBJC_IMPLEMENTATIONS = YES;
				CLANG_WARN_DIRECT_OBJC_ISA_USAGE = YES_ERROR;
				CLANG_WARN_DOCUMENTATION_COMMENTS = YES;
				CLANG_WARN_EMPTY_BODY = YES;
				CLANG_WARN_ENUM_CONVERSION = YES;
				CLANG_WARN_INFINITE_RECURSION = YES;
				CLANG_WARN_INT_CONVERSION = YES;
				CLANG_WARN_NON_LITERAL_NULL_CONVERSION = YES;
				CLANG_WARN_OBJC_IMPLICIT_RETAIN_SELF = YES;
				CLANG_WARN_OBJC_LITERAL_CONVERSION = YES;
				CLANG_WARN_OBJC_ROOT_CLASS = YES_ERROR;
				CLANG_WARN_RANGE_LOOP_ANALYSIS = YES;
				CLANG_WARN_STRICT_PROTOTYPES = YES;
				CLANG_WARN_SUSPICIOUS_MOVE = YES;
				CLANG_WARN_UNGUARDED_AVAILABILITY = YES_AGGRESSIVE;
				CLANG_WARN_UNREACHABLE_CODE = YES;
				CLANG_WARN__DUPLICATE_METHOD_MATCH = YES;
				COPY_PHASE_STRIP = NO;
				DEBUG_INFORMATION_FORMAT = dwarf;
				ENABLE_STRICT_OBJC_MSGSEND = YES;
				ENABLE_TESTABILITY = YES;
				GCC_C_LANGUAGE_STANDARD = gnu11;
				GCC_DYNAMIC_NO_PIC = NO;
				GCC_NO_COMMON_BLOCKS = YES;
				GCC_OPTIMIZATION_LEVEL = 0;
				GCC_PREPROCESSOR_DEFINITIONS = (
					"DEBUG=1",
					"$(inherited)",
				);
				GCC_WARN_64_TO_32_BIT_CONVERSION = YES;
				GCC_WARN_ABOUT_RETURN_TYPE = YES_ERROR;
				GCC_WARN_UNDECLARED_SELECTOR = YES;
				GCC_WARN_UNINITIALIZED_AUTOS = YES_AGGRESSIVE;
				GCC_WARN_UNUSED_FUNCTION = YES;
				GCC_WARN_UNUSED_VARIABLE = YES;
				IPHONEOS_DEPLOYMENT_TARGET = 13.2;
				MTL_ENABLE_DEBUG_INFO = INCLUDE_SOURCE;
				MTL_FAST_MATH = YES;
				ONLY_ACTIVE_ARCH = YES;
				SDKROOT = iphoneos;
				SWIFT_ACTIVE_COMPILATION_CONDITIONS = DEBUG;
				SWIFT_OPTIMIZATION_LEVEL = "-Onone";
			};
			name = Debug;
		};
		298A01CA247305960067463E /* Release */ = {
			isa = XCBuildConfiguration;
			buildSettings = {
				ALWAYS_SEARCH_USER_PATHS = NO;
				CLANG_ANALYZER_NONNULL = YES;
				CLANG_ANALYZER_NUMBER_OBJECT_CONVERSION = YES_AGGRESSIVE;
				CLANG_CXX_LANGUAGE_STANDARD = "gnu++14";
				CLANG_CXX_LIBRARY = "libc++";
				CLANG_ENABLE_MODULES = YES;
				CLANG_ENABLE_OBJC_ARC = YES;
				CLANG_ENABLE_OBJC_WEAK = YES;
				CLANG_WARN_BLOCK_CAPTURE_AUTORELEASING = YES;
				CLANG_WARN_BOOL_CONVERSION = YES;
				CLANG_WARN_COMMA = YES;
				CLANG_WARN_CONSTANT_CONVERSION = YES;
				CLANG_WARN_DEPRECATED_OBJC_IMPLEMENTATIONS = YES;
				CLANG_WARN_DIRECT_OBJC_ISA_USAGE = YES_ERROR;
				CLANG_WARN_DOCUMENTATION_COMMENTS = YES;
				CLANG_WARN_EMPTY_BODY = YES;
				CLANG_WARN_ENUM_CONVERSION = YES;
				CLANG_WARN_INFINITE_RECURSION = YES;
				CLANG_WARN_INT_CONVERSION = YES;
				CLANG_WARN_NON_LITERAL_NULL_CONVERSION = YES;
				CLANG_WARN_OBJC_IMPLICIT_RETAIN_SELF = YES;
				CLANG_WARN_OBJC_LITERAL_CONVERSION = YES;
				CLANG_WARN_OBJC_ROOT_CLASS = YES_ERROR;
				CLANG_WARN_RANGE_LOOP_ANALYSIS = YES;
				CLANG_WARN_STRICT_PROTOTYPES = YES;
				CLANG_WARN_SUSPICIOUS_MOVE = YES;
				CLANG_WARN_UNGUARDED_AVAILABILITY = YES_AGGRESSIVE;
				CLANG_WARN_UNREACHABLE_CODE = YES;
				CLANG_WARN__DUPLICATE_METHOD_MATCH = YES;
				COPY_PHASE_STRIP = NO;
				DEBUG_INFORMATION_FORMAT = "dwarf-with-dsym";
				ENABLE_NS_ASSERTIONS = NO;
				ENABLE_STRICT_OBJC_MSGSEND = YES;
				GCC_C_LANGUAGE_STANDARD = gnu11;
				GCC_NO_COMMON_BLOCKS = YES;
				GCC_WARN_64_TO_32_BIT_CONVERSION = YES;
				GCC_WARN_ABOUT_RETURN_TYPE = YES_ERROR;
				GCC_WARN_UNDECLARED_SELECTOR = YES;
				GCC_WARN_UNINITIALIZED_AUTOS = YES_AGGRESSIVE;
				GCC_WARN_UNUSED_FUNCTION = YES;
				GCC_WARN_UNUSED_VARIABLE = YES;
				IPHONEOS_DEPLOYMENT_TARGET = 13.2;
				MTL_ENABLE_DEBUG_INFO = NO;
				MTL_FAST_MATH = YES;
				SDKROOT = iphoneos;
				SWIFT_COMPILATION_MODE = wholemodule;
				SWIFT_OPTIMIZATION_LEVEL = "-O";
				VALIDATE_PRODUCT = YES;
			};
			name = Release;
		};
		298A01CC247305960067463E /* Debug */ = {
			isa = XCBuildConfiguration;
			buildSettings = {
				ASSETCATALOG_COMPILER_APPICON_NAME = AppIcon;
				CODE_SIGN_STYLE = Automatic;
				DEVELOPMENT_ASSET_PATHS = "\"Gamer/Preview Content\"";
				ENABLE_PREVIEWS = YES;
				INFOPLIST_FILE = Gamer/Info.plist;
				LD_RUNPATH_SEARCH_PATHS = (
					"$(inherited)",
					"@executable_path/Frameworks",
				);
				PRODUCT_BUNDLE_IDENTIFIER = ntouyujen.Gamer;
				PRODUCT_NAME = "$(TARGET_NAME)";
				SWIFT_VERSION = 5.0;
				TARGETED_DEVICE_FAMILY = "1,2";
			};
			name = Debug;
		};
		298A01CD247305960067463E /* Release */ = {
			isa = XCBuildConfiguration;
			buildSettings = {
				ASSETCATALOG_COMPILER_APPICON_NAME = AppIcon;
				CODE_SIGN_STYLE = Automatic;
				DEVELOPMENT_ASSET_PATHS = "\"Gamer/Preview Content\"";
				ENABLE_PREVIEWS = YES;
				INFOPLIST_FILE = Gamer/Info.plist;
				LD_RUNPATH_SEARCH_PATHS = (
					"$(inherited)",
					"@executable_path/Frameworks",
				);
				PRODUCT_BUNDLE_IDENTIFIER = ntouyujen.Gamer;
				PRODUCT_NAME = "$(TARGET_NAME)";
				SWIFT_VERSION = 5.0;
				TARGETED_DEVICE_FAMILY = "1,2";
			};
			name = Release;
		};
/* End XCBuildConfiguration section */

/* Begin XCConfigurationList section */
		298A01B2247305940067463E /* Build configuration list for PBXProject "Gamer" */ = {
			isa = XCConfigurationList;
			buildConfigurations = (
				298A01C9247305960067463E /* Debug */,
				298A01CA247305960067463E /* Release */,
			);
			defaultConfigurationIsVisible = 0;
			defaultConfigurationName = Release;
		};
		298A01CB247305960067463E /* Build configuration list for PBXNativeTarget "Gamer" */ = {
			isa = XCConfigurationList;
			buildConfigurations = (
				298A01CC247305960067463E /* Debug */,
				298A01CD247305960067463E /* Release */,
			);
			defaultConfigurationIsVisible = 0;
			defaultConfigurationName = Release;
		};
/* End XCConfigurationList section */
	};
	rootObject = 298A01AF247305940067463E /* Project object */;
}
